
Microsoft Visual Studio Solution File, Format Version 12.00
# Visual Studio 15
VisualStudioVersion = 15.0.26430.6
MinimumVisualStudioVersion = 10.0.40219.1
Project("{FAE04EC0-301F-11D3-BF4B-00C04F79EFBC}") = "ContainerCampKubeAPI", "ContainerCampKubeAPI\ContainerCampKubeAPI.csproj", "{59986120-F0E3-48D0-8F79-1BDD513F25FE}"
EndProject
Project("{E53339B2-1760-4266-BCC7-CA923CBCF16C}") = "docker-compose", "docker-compose.dcproj", "{953FB458-A577-4431-A041-3E3383B0DD7C}"
EndProject
Global
	GlobalSection(SolutionConfigurationPlatforms) = preSolution
		Debug|Any CPU = Debug|Any CPU
		Release|Any CPU = Release|Any CPU
	EndGlobalSection
	GlobalSection(ProjectConfigurationPlatforms) = postSolution
		{59986120-F0E3-48D0-8F79-1BDD513F25FE}.Debug|Any CPU.ActiveCfg = Debug|Any CPU
		{59986120-F0E3-48D0-8F79-1BDD513F25FE}.Debug|Any CPU.Build.0 = Debug|Any CPU
		{59986120-F0E3-48D0-8F79-1BDD513F25FE}.Release|Any CPU.ActiveCfg = Release|Any CPU
		{59986120-F0E3-48D0-8F79-1BDD513F25FE}.Release|Any CPU.Build.0 = Release|Any CPU
		{953FB458-A577-4431-A041-3E3383B0DD7C}.Debug|Any CPU.ActiveCfg = Debug|Any CPU
		{953FB458-A577-4431-A041-3E3383B0DD7C}.Debug|Any CPU.Build.0 = Debug|Any CPU
		{953FB458-A577-4431-A041-3E3383B0DD7C}.Release|Any CPU.ActiveCfg = Release|Any CPU
		{953FB458-A577-4431-A041-3E3383B0DD7C}.Release|Any CPU.Build.0 = Release|Any CPU
	EndGlobalSection
	GlobalSection(SolutionProperties) = preSolution
		HideSolutionNode = FALSE
	EndGlobalSection
EndGlobal
